
Microsoft Visual Studio Solution File, Format Version 12.00
# Visual Studio Version 17
VisualStudioVersion = 17.8.34330.188
MinimumVisualStudioVersion = 10.0.40219.1
Project("{8BC9CEB8-8B4A-11D0-8D11-00A0C91BC942}") = "CppInnerLoopsProject", "CppInnerLoopsProject\CppInnerLoopsProject.vcxproj", "{9016D053-6C2A-4AF2-8E88-ABBF3BBF4312}"
EndProject
Global
	GlobalSection(SolutionConfigurationPlatforms) = preSolution
		Debug|x64 = Debug|x64
		Debug|x86 = Debug|x86
		Release|x64 = Release|x64
		Release|x86 = Release|x86
	EndGlobalSection
	GlobalSection(ProjectConfigurationPlatforms) = postSolution
		{9016D053-6C2A-4AF2-8E88-ABBF3BBF4312}.Debug|x64.ActiveCfg = Debug|x64
		{9016D053-6C2A-4AF2-8E88-ABBF3BBF4312}.Debug|x64.Build.0 = Debug|x64
		{9016D053-6C2A-4AF2-8E88-ABBF3BBF4312}.Debug|x86.ActiveCfg = Debug|Win32
		{9016D053-6C2A-4AF2-8E88-ABBF3BBF4312}.Debug|x86.Build.0 = Debug|Win32
		{9016D053-6C2A-4AF2-8E88-ABBF3BBF4312}.Release|x64.ActiveCfg = Release|x64
		{9016D053-6C2A-4AF2-8E88-ABBF3BBF4312}.Release|x64.Build.0 = Release|x64
		{9016D053-6C2A-4AF2-8E88-ABBF3BBF4312}.Release|x86.ActiveCfg = Release|Win32
		{9016D053-6C2A-4AF2-8E88-ABBF3BBF4312}.Release|x86.Build.0 = Release|Win32
	EndGlobalSection
	GlobalSection(SolutionProperties) = preSolution
		HideSolutionNode = FALSE
	EndGlobalSection
	GlobalSection(ExtensibilityGlobals) = postSolution
		SolutionGuid = {FF711509-DDAF-4900-83A9-D40DCCCA1FD2}
	EndGlobalSection
EndGlobal
